
Microsoft Visual Studio Solution File, Format Version 11.00
# Visual Studio 2010
Project("{FAE04EC0-301F-11D3-BF4B-00C04F79EFBC}") = "RestSharp_JsonTest", "RestSharp_JsonTest\RestSharp_JsonTest.csproj", "{9112A29E-4569-4583-9953-7423914AA79A}"
EndProject
Global
	GlobalSection(SolutionConfigurationPlatforms) = preSolution
		Debug|Any CPU = Debug|Any CPU
		Release|Any CPU = Release|Any CPU
	EndGlobalSection
	GlobalSection(ProjectConfigurationPlatforms) = postSolution
		{9112A29E-4569-4583-9953-7423914AA79A}.Debug|Any CPU.ActiveCfg = Debug|Any CPU
		{9112A29E-4569-4583-9953-7423914AA79A}.Debug|Any CPU.Build.0 = Debug|Any CPU
		{9112A29E-4569-4583-9953-7423914AA79A}.Release|Any CPU.ActiveCfg = Release|Any CPU
		{9112A29E-4569-4583-9953-7423914AA79A}.Release|Any CPU.Build.0 = Release|Any CPU
	EndGlobalSection
	GlobalSection(MonoDevelopProperties) = preSolution
		StartupItem = RestSharp_JsonTest\RestSharp_JsonTest.csproj
	EndGlobalSection
EndGlobal
